
Microsoft Visual Studio Solution File, Format Version 12.00
# Visual Studio Version 16
VisualStudioVersion = 25.0.1706.6
MinimumVisualStudioVersion = 10.0.40219.1
Project("{FAE04EC0-301F-11D3-BF4B-00C04F79EFBC}") = "BookShopAPI", "BookShopAPI\BookShopAPI.csproj", "{37419FBC-2DA2-4C5B-A47B-23F2FAE84F0C}"
EndProject
Global
	GlobalSection(SolutionConfigurationPlatforms) = preSolution
		Debug|Any CPU = Debug|Any CPU
		Release|Any CPU = Release|Any CPU
	EndGlobalSection
	GlobalSection(ProjectConfigurationPlatforms) = postSolution
		{37419FBC-2DA2-4C5B-A47B-23F2FAE84F0C}.Debug|Any CPU.ActiveCfg = Debug|Any CPU
		{37419FBC-2DA2-4C5B-A47B-23F2FAE84F0C}.Debug|Any CPU.Build.0 = Debug|Any CPU
		{37419FBC-2DA2-4C5B-A47B-23F2FAE84F0C}.Release|Any CPU.ActiveCfg = Release|Any CPU
		{37419FBC-2DA2-4C5B-A47B-23F2FAE84F0C}.Release|Any CPU.Build.0 = Release|Any CPU
	EndGlobalSection
	GlobalSection(SolutionProperties) = preSolution
		HideSolutionNode = FALSE
	EndGlobalSection
	GlobalSection(ExtensibilityGlobals) = postSolution
		SolutionGuid = {5AD81E15-3E06-46BD-88DB-C66E9CD47028}
	EndGlobalSection
EndGlobal
